// !$*UTF8*$!
{
	archiveVersion = 1;
	classes = {
	};
	objectVersion = 46;
	objects = {

/* Begin PBXBuildFile section */
		CFAFB91B1CAD0AA800DABB05 /* main.m in Sources */ = {isa = PBXBuildFile; fileRef = CFAFB91A1CAD0AA800DABB05 /* main.m */; };
		CFAFB91E1CAD0AA800DABB05 /* AppDelegate.m in Sources */ = {isa = PBXBuildFile; fileRef = CFAFB91D1CAD0AA800DABB05 /* AppDelegate.m */; };
		CFAFB9211CAD0AA800DABB05 /* ViewController.m in Sources */ = {isa = PBXBuildFile; fileRef = CFAFB9201CAD0AA800DABB05 /* ViewController.m */; };
		CFAFB9241CAD0AA800DABB05 /* Main.storyboard in Resources */ = {isa = PBXBuildFile; fileRef = CFAFB9221CAD0AA800DABB05 /* Main.storyboard */; };
		CFAFB9261CAD0AA800DABB05 /* Assets.xcassets in Resources */ = {isa = PBXBuildFile; fileRef = CFAFB9251CAD0AA800DABB05 /* Assets.xcassets */; };
		CFAFB9291CAD0AA800DABB05 /* LaunchScreen.storyboard in Resources */ = {isa = PBXBuildFile; fileRef = CFAFB9271CAD0AA800DABB05 /* LaunchScreen.storyboard */; };
		CFAFB9311CAD0DAB00DABB05 /* image1.jpg in Resources */ = {isa = PBXBuildFile; fileRef = CFAFB9301CAD0DAB00DABB05 /* image1.jpg */; };
/* End PBXBuildFile section */

/* Begin PBXFileReference section */
		CFAFB9161CAD0AA800DABB05 /* Demo_Protocol.app */ = {isa = PBXFileReference; explicitFileType = wrapper.application; includeInIndex = 0; path = Demo_Protocol.app; sourceTree = BUILT_PRODUCTS_DIR; };
		CFAFB91A1CAD0AA800DABB05 /* main.m */ = {isa = PBXFileReference; lastKnownFileType = sourcecode.c.objc; path = main.m; sourceTree = "<group>"; };
		CFAFB91C1CAD0AA800DABB05 /* AppDelegate.h */ = {isa = PBXFileReference; lastKnownFileType = sourcecode.c.h; path = AppDelegate.h; sourceTree = "<group>"; };
		CFAFB91D1CAD0AA800DABB05 /* AppDelegate.m */ = {isa = PBXFileReference; lastKnownFileType = sourcecode.c.objc; path = AppDelegate.m; sourceTree = "<group>"; };
		CFAFB91F1CAD0AA800DABB05 /* ViewController.h */ = {isa = PBXFileReference; lastKnownFileType = sourcecode.c.h; path = ViewController.h; sourceTree = "<group>"; };
		CFAFB9201CAD0AA800DABB05 /* ViewController.m */ = {isa = PBXFileReference; lastKnownFileType = sourcecode.c.objc; path = ViewController.m; sourceTree = "<group>"; };
		CFAFB9231CAD0AA800DABB05 /* Base */ = {isa = PBXFileReference; lastKnownFileType = file.storyboard; name = Base; path = Base.lproj/Main.storyboard; sourceTree = "<group>"; };
		CFAFB9251CAD0AA800DABB05 /* Assets.xcassets */ = {isa = PBXFileReference; lastKnownFileType = folder.assetcatalog; path = Assets.xcassets; sourceTree = "<group>"; };
		CFAFB9281CAD0AA800DABB05 /* Base */ = {isa = PBXFileReference; lastKnownFileType = file.storyboard; name = Base; path = Base.lproj/LaunchScreen.storyboard; sourceTree = "<group>"; };
		CFAFB92A1CAD0AA800DABB05 /* Info.plist */ = {isa = PBXFileReference; lastKnownFileType = text.plist.xml; path = Info.plist; sourceTree = "<group>"; };
		CFAFB9301CAD0DAB00DABB05 /* image1.jpg */ = {isa = PBXFileReference; lastKnownFileType = image.jpeg; path = image1.jpg; sourceTree = "<group>"; };
/* End PBXFileReference section */

/* Begin PBXFrameworksBuildPhase section */
		CFAFB9131CAD0AA800DABB05 /* Frameworks */ = {
			isa = PBXFrameworksBuildPhase;
			buildActionMask = 2147483647;
			files = (
			);
			runOnlyForDeploymentPostprocessing = 0;
		};
/* End PBXFrameworksBuildPhase section */

/* Begin PBXGroup section */
		CFAFB90D1CAD0AA800DABB05 = {
			isa = PBXGroup;
			children = (
				CFAFB9181CAD0AA800DABB05 /* Demo_Protocol */,
				CFAFB9171CAD0AA800DABB05 /* Products */,
			);
			sourceTree = "<group>";
		};
		CFAFB9171CAD0AA800DABB05 /* Products */ = {
			isa = PBXGroup;
			children = (
				CFAFB9161CAD0AA800DABB05 /* Demo_Protocol.app */,
			);
			name = Products;
			sourceTree = "<group>";
		};
		CFAFB9181CAD0AA800DABB05 /* Demo_Protocol */ = {
			isa = PBXGroup;
			children = (
				CFAFB91C1CAD0AA800DABB05 /* AppDelegate.h */,
				CFAFB91D1CAD0AA800DABB05 /* AppDelegate.m */,
				CFAFB91F1CAD0AA800DABB05 /* ViewController.h */,
				CFAFB9201CAD0AA800DABB05 /* ViewController.m */,
				CFAFB9221CAD0AA800DABB05 /* Main.storyboard */,
				CFAFB9251CAD0AA800DABB05 /* Assets.xcassets */,
				CFAFB9271CAD0AA800DABB05 /* LaunchScreen.storyboard */,
				CFAFB92A1CAD0AA800DABB05 /* Info.plist */,
				CFAFB9301CAD0DAB00DABB05 /* image1.jpg */,
				CFAFB9191CAD0AA800DABB05 /* Supporting Files */,
			);
			path = Demo_Protocol;
			sourceTree = "<group>";
		};
		CFAFB9191CAD0AA800DABB05 /* Supporting Files */ = {
			isa = PBXGroup;
			children = (
				CFAFB91A1CAD0AA800DABB05 /* main.m */,
			);
			name = "Supporting Files";
			sourceTree = "<group>";
		};
/* End PBXGroup section */

/* Begin PBXNativeTarget section */
		CFAFB9151CAD0AA800DABB05 /* Demo_Protocol */ = {
			isa = PBXNativeTarget;
			buildConfigurationList = CFAFB92D1CAD0AA800DABB05 /* Build configuration list for PBXNativeTarget "Demo_Protocol" */;
			buildPhases = (
				CFAFB9121CAD0AA800DABB05 /* Sources */,
				CFAFB9131CAD0AA800DABB05 /* Frameworks */,
				CFAFB9141CAD0AA800DABB05 /* Resources */,
			);
			buildRules = (
			);
			dependencies = (
			);
			name = Demo_Protocol;
			productName = Demo_Protocol;
			productReference = CFAFB9161CAD0AA800DABB05 /* Demo_Protocol.app */;
			productType = "com.apple.product-type.application";
		};
/* End PBXNativeTarget section */

/* Begin PBXProject section */
		CFAFB90E1CAD0AA800DABB05 /* Project object */ = {
			isa = PBXProject;
			attributes = {
				LastUpgradeCheck = 0730;
				ORGANIZATIONNAME = "Tech Kid";
				TargetAttributes = {
					CFAFB9151CAD0AA800DABB05 = {
						CreatedOnToolsVersion = 7.3;
					};
				};
			};
			buildConfigurationList = CFAFB9111CAD0AA800DABB05 /* Build configuration list for PBXProject "Demo_Protocol" */;
			compatibilityVersion = "Xcode 3.2";
			developmentRegion = English;
			hasScannedForEncodings = 0;
			knownRegions = (
				en,
				Base,
			);
			mainGroup = CFAFB90D1CAD0AA800DABB05;
			productRefGroup = CFAFB9171CAD0AA800DABB05 /* Products */;
			projectDirPath = "";
			projectRoot = "";
			targets = (
				CFAFB9151CAD0AA800DABB05 /* Demo_Protocol */,
			);
		};
/* End PBXProject section */

/* Begin PBXResourcesBuildPhase section */
		CFAFB9141CAD0AA800DABB05 /* Resources */ = {
			isa = PBXResourcesBuildPhase;
			buildActionMask = 2147483647;
			files = (
				CFAFB9291CAD0AA800DABB05 /* LaunchScreen.storyboard in Resources */,
				CFAFB9261CAD0AA800DABB05 /* Assets.xcassets in Resources */,
				CFAFB9311CAD0DAB00DABB05 /* image1.jpg in Resources */,
				CFAFB9241CAD0AA800DABB05 /* Main.storyboard in Resources */,
			);
			runOnlyForDeploymentPostprocessing = 0;
		};
/* End PBXResourcesBuildPhase section */

/* Begin PBXSourcesBuildPhase section */
		CFAFB9121CAD0AA800DABB05 /* Sources */ = {
			isa = PBXSourcesBuildPhase;
			buildActionMask = 2147483647;
			files = (
				CFAFB9211CAD0AA800DABB05 /* ViewController.m in Sources */,
				CFAFB91E1CAD0AA800DABB05 /* AppDelegate.m in Sources */,
				CFAFB91B1CAD0AA800DABB05 /* main.m in Sources */,
			);
			runOnlyForDeploymentPostprocessing = 0;
		};
/* End PBXSourcesBuildPhase section */

/* Begin PBXVariantGroup section */
		CFAFB9221CAD0AA800DABB05 /* Main.storyboard */ = {
			isa = PBXVariantGroup;
			children = (
				CFAFB9231CAD0AA800DABB05 /* Base */,
			);
			name = Main.storyboard;
			sourceTree = "<group>";
		};
		CFAFB9271CAD0AA800DABB05 /* LaunchScreen.storyboard */ = {
			isa = PBXVariantGroup;
			children = (
				CFAFB9281CAD0AA800DABB05 /* Base */,
			);
			name = LaunchScreen.storyboard;
			sourceTree = "<group>";
		};
/* End PBXVariantGroup section */

/* Begin XCBuildConfiguration section */
		CFAFB92B1CAD0AA800DABB05 /* Debug */ = {
			isa = XCBuildConfiguration;
			buildSettings = {
				ALWAYS_SEARCH_USER_PATHS = NO;
				CLANG_ANALYZER_NONNULL = YES;
				CLANG_CXX_LANGUAGE_STANDARD = "gnu++0x";
				CLANG_CXX_LIBRARY = "libc++";
				CLANG_ENABLE_MODULES = YES;
				CLANG_ENABLE_OBJC_ARC = YES;
				CLANG_WARN_BOOL_CONVERSION = YES;
				CLANG_WARN_CONSTANT_CONVERSION = YES;
				CLANG_WARN_DIRECT_OBJC_ISA_USAGE = YES_ERROR;
				CLANG_WARN_EMPTY_BODY = YES;
				CLANG_WARN_ENUM_CONVERSION = YES;
				CLANG_WARN_INT_CONVERSION = YES;
				CLANG_WARN_OBJC_ROOT_CLASS = YES_ERROR;
				CLANG_WARN_UNREACHABLE_CODE = YES;
				CLANG_WARN__DUPLICATE_METHOD_MATCH = YES;
				"CODE_SIGN_IDENTITY[sdk=iphoneos*]" = "iPhone Developer";
				COPY_PHASE_STRIP = NO;
				DEBUG_INFORMATION_FORMAT = dwarf;
				ENABLE_STRICT_OBJC_MSGSEND = YES;
				ENABLE_TESTABILITY = YES;
				GCC_C_LANGUAGE_STANDARD = gnu99;
				GCC_DYNAMIC_NO_PIC = NO;
				GCC_NO_COMMON_BLOCKS = YES;
				GCC_OPTIMIZATION_LEVEL = 0;
				GCC_PREPROCESSOR_DEFINITIONS = (
					"DEBUG=1",
					"$(inherited)",
				);
				GCC_WARN_64_TO_32_BIT_CONVERSION = YES;
				GCC_WARN_ABOUT_RETURN_TYPE = YES_ERROR;
				GCC_WARN_UNDECLARED_SELECTOR = YES;
				GCC_WARN_UNINITIALIZED_AUTOS = YES_AGGRESSIVE;
				GCC_WARN_UNUSED_FUNCTION = YES;
				GCC_WARN_UNUSED_VARIABLE = YES;
				IPHONEOS_DEPLOYMENT_TARGET = 9.3;
				MTL_ENABLE_DEBUG_INFO = YES;
				ONLY_ACTIVE_ARCH = YES;
				SDKROOT = iphoneos;
			};
			name = Debug;
		};
		CFAFB92C1CAD0AA800DABB05 /* Release */ = {
			isa = XCBuildConfiguration;
			buildSettings = {
				ALWAYS_SEARCH_USER_PATHS = NO;
				CLANG_ANALYZER_NONNULL = YES;
				CLANG_CXX_LANGUAGE_STANDARD = "gnu++0x";
				CLANG_CXX_LIBRARY = "libc++";
				CLANG_ENABLE_MODULES = YES;
				CLANG_ENABLE_OBJC_ARC = YES;
				CLANG_WARN_BOOL_CONVERSION = YES;
				CLANG_WARN_CONSTANT_CONVERSION = YES;
				CLANG_WARN_DIRECT_OBJC_ISA_USAGE = YES_ERROR;
				CLANG_WARN_EMPTY_BODY = YES;
				CLANG_WARN_ENUM_CONVERSION = YES;
				CLANG_WARN_INT_CONVERSION = YES;
				CLANG_WARN_OBJC_ROOT_CLASS = YES_ERROR;
				CLANG_WARN_UNREACHABLE_CODE = YES;
				CLANG_WARN__DUPLICATE_METHOD_MATCH = YES;
				"CODE_SIGN_IDENTITY[sdk=iphoneos*]" = "iPhone Developer";
				COPY_PHASE_STRIP = NO;
				DEBUG_INFORMATION_FORMAT = "dwarf-with-dsym";
				ENABLE_NS_ASSERTIONS = NO;
				ENABLE_STRICT_OBJC_MSGSEND = YES;
				GCC_C_LANGUAGE_STANDARD = gnu99;
				GCC_NO_COMMON_BLOCKS = YES;
				GCC_WARN_64_TO_32_BIT_CONVERSION = YES;
				GCC_WARN_ABOUT_RETURN_TYPE = YES_ERROR;
				GCC_WARN_UNDECLARED_SELECTOR = YES;
				GCC_WARN_UNINITIALIZED_AUTOS = YES_AGGRESSIVE;
				GCC_WARN_UNUSED_FUNCTION = YES;
				GCC_WARN_UNUSED_VARIABLE = YES;
				IPHONEOS_DEPLOYMENT_TARGET = 9.3;
				MTL_ENABLE_DEBUG_INFO = NO;
				SDKROOT = iphoneos;
				VALIDATE_PRODUCT = YES;
			};
			name = Release;
		};
		CFAFB92E1CAD0AA800DABB05 /* Debug */ = {
			isa = XCBuildConfiguration;
			buildSettings = {
				ASSETCATALOG_COMPILER_APPICON_NAME = AppIcon;
				INFOPLIST_FILE = Demo_Protocol/Info.plist;
				LD_RUNPATH_SEARCH_PATHS = "$(inherited) @executable_path/Frameworks";
				PRODUCT_BUNDLE_IDENTIFIER = "techkid.Demo-Protocol";
				PRODUCT_NAME = "$(TARGET_NAME)";
			};
			name = Debug;
		};
		CFAFB92F1CAD0AA800DABB05 /* Release */ = {
			isa = XCBuildConfiguration;
			buildSettings = {
				ASSETCATALOG_COMPILER_APPICON_NAME = AppIcon;
				INFOPLIST_FILE = Demo_Protocol/Info.plist;
				LD_RUNPATH_SEARCH_PATHS = "$(inherited) @executable_path/Frameworks";
				PRODUCT_BUNDLE_IDENTIFIER = "techkid.Demo-Protocol";
				PRODUCT_NAME = "$(TARGET_NAME)";
			};
			name = Release;
		};
/* End XCBuildConfiguration section */

/* Begin XCConfigurationList section */
		CFAFB9111CAD0AA800DABB05 /* Build configuration list for PBXProject "Demo_Protocol" */ = {
			isa = XCConfigurationList;
			buildConfigurations = (
				CFAFB92B1CAD0AA800DABB05 /* Debug */,
				CFAFB92C1CAD0AA800DABB05 /* Release */,
			);
			defaultConfigurationIsVisible = 0;
			defaultConfigurationName = Release;
		};
		CFAFB92D1CAD0AA800DABB05 /* Build configuration list for PBXNativeTarget "Demo_Protocol" */ = {
			isa = XCConfigurationList;
			buildConfigurations = (
				CFAFB92E1CAD0AA800DABB05 /* Debug */,
				CFAFB92F1CAD0AA800DABB05 /* Release */,
			);
			defaultConfigurationIsVisible = 0;
		};
/* End XCConfigurationList section */
	};
	rootObject = CFAFB90E1CAD0AA800DABB05 /* Project object */;
}
